
Microsoft Visual Studio Solution File, Format Version 11.00
# Visual Studio 2010
Project("{FAE04EC0-301F-11D3-BF4B-00C04F79EFBC}") = "Assembly-CSharp", "Assembly-CSharp.csproj", "{320CA8BD-6E0D-1349-1DF8-D99486560078}"
EndProject
Global
	GlobalSection(SolutionConfigurationPlatforms) = preSolution
		Debug|Any CPU = Debug|Any CPU
		Release|Any CPU = Release|Any CPU
	EndGlobalSection
	GlobalSection(ProjectConfigurationPlatforms) = postSolution
		{320CA8BD-6E0D-1349-1DF8-D99486560078}.Debug|Any CPU.ActiveCfg = Debug|Any CPU
		{320CA8BD-6E0D-1349-1DF8-D99486560078}.Debug|Any CPU.Build.0 = Debug|Any CPU
		{320CA8BD-6E0D-1349-1DF8-D99486560078}.Release|Any CPU.ActiveCfg = Release|Any CPU
		{320CA8BD-6E0D-1349-1DF8-D99486560078}.Release|Any CPU.Build.0 = Release|Any CPU
	EndGlobalSection
	GlobalSection(SolutionProperties) = preSolution
		HideSolutionNode = FALSE
	EndGlobalSection
EndGlobal
